// !$*UTF8*$!
{
	archiveVersion = 1;
	classes = {
	};
	objectVersion = 46;
	objects = {

/* Begin PBXBuildFile section */
		5C2D1C931EA77E910096A4AD /* Fire.h in Headers */ = {isa = PBXBuildFile; fileRef = 5C2D1C8B1EA77DF20096A4AD /* Fire.h */; settings = {ATTRIBUTES = (Public, ); }; };
		5C2D1C9D1EA77F7A0096A4AD /* Fire.framework in Frameworks */ = {isa = PBXBuildFile; fileRef = 463712051B04C2050019E1AB /* Fire.framework */; };
		5C2D1CB01EA77FB90096A4AD /* AddFiles.swift in Sources */ = {isa = PBXBuildFile; fileRef = 5C2D1CA41EA77FB90096A4AD /* AddFiles.swift */; };
		5C2D1CB11EA77FB90096A4AD /* AddHTTPHeader.swift in Sources */ = {isa = PBXBuildFile; fileRef = 5C2D1CA51EA77FB90096A4AD /* AddHTTPHeader.swift */; };
		5C2D1CB21EA77FB90096A4AD /* AddSSLPinning.swift in Sources */ = {isa = PBXBuildFile; fileRef = 5C2D1CA61EA77FB90096A4AD /* AddSSLPinning.swift */; };
		5C2D1CB31EA77FB90096A4AD /* BaseTestCase.swift in Sources */ = {isa = PBXBuildFile; fileRef = 5C2D1CA71EA77FB90096A4AD /* BaseTestCase.swift */; };
		5C2D1CB41EA77FB90096A4AD /* BasicAuth.swift in Sources */ = {isa = PBXBuildFile; fileRef = 5C2D1CA81EA77FB90096A4AD /* BasicAuth.swift */; };
		5C2D1CB51EA77FB90096A4AD /* BasicTests.swift in Sources */ = {isa = PBXBuildFile; fileRef = 5C2D1CA91EA77FB90096A4AD /* BasicTests.swift */; };
		5C2D1CB61EA77FB90096A4AD /* Control.swift in Sources */ = {isa = PBXBuildFile; fileRef = 5C2D1CAA1EA77FB90096A4AD /* Control.swift */; };
		5C2D1CB71EA77FB90096A4AD /* ResponseJSON.swift in Sources */ = {isa = PBXBuildFile; fileRef = 5C2D1CAB1EA77FB90096A4AD /* ResponseJSON.swift */; };
		5C2D1CB81EA77FB90096A4AD /* SetHTTPBodyRaw.swift in Sources */ = {isa = PBXBuildFile; fileRef = 5C2D1CAC1EA77FB90096A4AD /* SetHTTPBodyRaw.swift */; };
		5C2D1CB91EA77FB90096A4AD /* SetTimeout.swift in Sources */ = {isa = PBXBuildFile; fileRef = 5C2D1CAD1EA77FB90096A4AD /* SetTimeout.swift */; };
		5C2D1CBA1EA77FB90096A4AD /* WithOtherTypeParams.swift in Sources */ = {isa = PBXBuildFile; fileRef = 5C2D1CAE1EA77FB90096A4AD /* WithOtherTypeParams.swift */; };
		5C2D1CBB1EA77FB90096A4AD /* WithStringParams.swift in Sources */ = {isa = PBXBuildFile; fileRef = 5C2D1CAF1EA77FB90096A4AD /* WithStringParams.swift */; };
		5C33F0EB1EAB0614001D903D /* Fire.h in Headers */ = {isa = PBXBuildFile; fileRef = 5C2D1C8B1EA77DF20096A4AD /* Fire.h */; settings = {ATTRIBUTES = (Public, ); }; };
		5C33F0EC1EAB061D001D903D /* Fire.h in Headers */ = {isa = PBXBuildFile; fileRef = 5C2D1C8B1EA77DF20096A4AD /* Fire.h */; settings = {ATTRIBUTES = (Public, ); }; };
		5C33F0ED1EAB0630001D903D /* FileManager-SessionDelegate.swift in Sources */ = {isa = PBXBuildFile; fileRef = 5CC5E1FB1EA8B01D0090435E /* FileManager-SessionDelegate.swift */; };
		5C33F0EE1EAB0630001D903D /* Fire.swift in Sources */ = {isa = PBXBuildFile; fileRef = 5CC5E1FC1EA8B01D0090435E /* Fire.swift */; };
		5C33F0EF1EAB0630001D903D /* FireAPI.swift in Sources */ = {isa = PBXBuildFile; fileRef = 5CC5E1FD1EA8B01D0090435E /* FireAPI.swift */; };
		5C33F0F01EAB0630001D903D /* FireHelper.swift in Sources */ = {isa = PBXBuildFile; fileRef = 5CC5E1FE1EA8B01D0090435E /* FireHelper.swift */; };
		5C33F0F11EAB0630001D903D /* FireJSON+ArrayLiteralConvertible.swift in Sources */ = {isa = PBXBuildFile; fileRef = 5CC5E2001EA8B01D0090435E /* FireJSON+ArrayLiteralConvertible.swift */; };
		5C33F0F21EAB0630001D903D /* FireJSON+DictionaryLiteralConvertible.swift in Sources */ = {isa = PBXBuildFile; fileRef = 5CC5E2011EA8B01D0090435E /* FireJSON+DictionaryLiteralConvertible.swift */; };
		5C33F0F31EAB0630001D903D /* FireJSON.swift in Sources */ = {isa = PBXBuildFile; fileRef = 5CC5E2021EA8B01D0090435E /* FireJSON.swift */; };
		5C33F0F41EAB0630001D903D /* FireJSONModel.swift in Sources */ = {isa = PBXBuildFile; fileRef = 5CC5E2031EA8B01D0090435E /* FireJSONModel.swift */; };
		5C33F0F51EAB0630001D903D /* FireManager.swift in Sources */ = {isa = PBXBuildFile; fileRef = 5CC5E2041EA8B01D0090435E /* FireManager.swift */; };
		5C33F0F61EAB0630001D903D /* FireValues.swift in Sources */ = {isa = PBXBuildFile; fileRef = 5CC5E2051EA8B01D0090435E /* FireValues.swift */; };
		5C33F0F71EAB0630001D903D /* String+Fire.swift in Sources */ = {isa = PBXBuildFile; fileRef = 5CC5E2061EA8B01D0090435E /* String+Fire.swift */; };
		5C33F0F81EAB0630001D903D /* FileInfo.swift in Sources */ = {isa = PBXBuildFile; fileRef = 5C9D231F1EAAECE9008CA64A /* FileInfo.swift */; };
		5C378A921EAB068C00674D0F /* Fire.h in Headers */ = {isa = PBXBuildFile; fileRef = 5C2D1C8B1EA77DF20096A4AD /* Fire.h */; settings = {ATTRIBUTES = (Public, ); }; };
		5C378A931EAB069500674D0F /* FileManager-SessionDelegate.swift in Sources */ = {isa = PBXBuildFile; fileRef = 5CC5E1FB1EA8B01D0090435E /* FileManager-SessionDelegate.swift */; };
		5C378A941EAB069500674D0F /* Fire.swift in Sources */ = {isa = PBXBuildFile; fileRef = 5CC5E1FC1EA8B01D0090435E /* Fire.swift */; };
		5C378A951EAB069500674D0F /* FireAPI.swift in Sources */ = {isa = PBXBuildFile; fileRef = 5CC5E1FD1EA8B01D0090435E /* FireAPI.swift */; };
		5C378A961EAB069500674D0F /* FireHelper.swift in Sources */ = {isa = PBXBuildFile; fileRef = 5CC5E1FE1EA8B01D0090435E /* FireHelper.swift */; };
		5C378A971EAB069500674D0F /* FireJSON+ArrayLiteralConvertible.swift in Sources */ = {isa = PBXBuildFile; fileRef = 5CC5E2001EA8B01D0090435E /* FireJSON+ArrayLiteralConvertible.swift */; };
		5C378A981EAB069500674D0F /* FireJSON+DictionaryLiteralConvertible.swift in Sources */ = {isa = PBXBuildFile; fileRef = 5CC5E2011EA8B01D0090435E /* FireJSON+DictionaryLiteralConvertible.swift */; };
		5C378A991EAB069500674D0F /* FireJSON.swift in Sources */ = {isa = PBXBuildFile; fileRef = 5CC5E2021EA8B01D0090435E /* FireJSON.swift */; };
		5C378A9A1EAB069500674D0F /* FireJSONModel.swift in Sources */ = {isa = PBXBuildFile; fileRef = 5CC5E2031EA8B01D0090435E /* FireJSONModel.swift */; };
		5C378A9B1EAB069500674D0F /* FireManager.swift in Sources */ = {isa = PBXBuildFile; fileRef = 5CC5E2041EA8B01D0090435E /* FireManager.swift */; };
		5C378A9C1EAB069500674D0F /* FireValues.swift in Sources */ = {isa = PBXBuildFile; fileRef = 5CC5E2051EA8B01D0090435E /* FireValues.swift */; };
		5C378A9D1EAB069500674D0F /* String+Fire.swift in Sources */ = {isa = PBXBuildFile; fileRef = 5CC5E2061EA8B01D0090435E /* String+Fire.swift */; };
		5C378A9E1EAB069500674D0F /* FileInfo.swift in Sources */ = {isa = PBXBuildFile; fileRef = 5C9D231F1EAAECE9008CA64A /* FileInfo.swift */; };
		5C9D23201EAAECE9008CA64A /* FileInfo.swift in Sources */ = {isa = PBXBuildFile; fileRef = 5C9D231F1EAAECE9008CA64A /* FileInfo.swift */; };
		5C9D23211EAAEE28008CA64A /* FileInfo.swift in Sources */ = {isa = PBXBuildFile; fileRef = 5C9D231F1EAAECE9008CA64A /* FileInfo.swift */; };
		5CC5E2081EA8B01D0090435E /* FileManager-SessionDelegate.swift in Sources */ = {isa = PBXBuildFile; fileRef = 5CC5E1FB1EA8B01D0090435E /* FileManager-SessionDelegate.swift */; };
		5CC5E2091EA8B01D0090435E /* FileManager-SessionDelegate.swift in Sources */ = {isa = PBXBuildFile; fileRef = 5CC5E1FB1EA8B01D0090435E /* FileManager-SessionDelegate.swift */; };
		5CC5E20A1EA8B01D0090435E /* Fire.swift in Sources */ = {isa = PBXBuildFile; fileRef = 5CC5E1FC1EA8B01D0090435E /* Fire.swift */; };
		5CC5E20B1EA8B01D0090435E /* Fire.swift in Sources */ = {isa = PBXBuildFile; fileRef = 5CC5E1FC1EA8B01D0090435E /* Fire.swift */; };
		5CC5E20C1EA8B01D0090435E /* FireAPI.swift in Sources */ = {isa = PBXBuildFile; fileRef = 5CC5E1FD1EA8B01D0090435E /* FireAPI.swift */; };
		5CC5E20D1EA8B01D0090435E /* FireAPI.swift in Sources */ = {isa = PBXBuildFile; fileRef = 5CC5E1FD1EA8B01D0090435E /* FireAPI.swift */; };
		5CC5E20E1EA8B01D0090435E /* FireHelper.swift in Sources */ = {isa = PBXBuildFile; fileRef = 5CC5E1FE1EA8B01D0090435E /* FireHelper.swift */; };
		5CC5E20F1EA8B01D0090435E /* FireHelper.swift in Sources */ = {isa = PBXBuildFile; fileRef = 5CC5E1FE1EA8B01D0090435E /* FireHelper.swift */; };
		5CC5E2101EA8B01D0090435E /* FireJSON+ArrayLiteralConvertible.swift in Sources */ = {isa = PBXBuildFile; fileRef = 5CC5E2001EA8B01D0090435E /* FireJSON+ArrayLiteralConvertible.swift */; };
		5CC5E2111EA8B01D0090435E /* FireJSON+ArrayLiteralConvertible.swift in Sources */ = {isa = PBXBuildFile; fileRef = 5CC5E2001EA8B01D0090435E /* FireJSON+ArrayLiteralConvertible.swift */; };
		5CC5E2121EA8B01D0090435E /* FireJSON+DictionaryLiteralConvertible.swift in Sources */ = {isa = PBXBuildFile; fileRef = 5CC5E2011EA8B01D0090435E /* FireJSON+DictionaryLiteralConvertible.swift */; };
		5CC5E2131EA8B01D0090435E /* FireJSON+DictionaryLiteralConvertible.swift in Sources */ = {isa = PBXBuildFile; fileRef = 5CC5E2011EA8B01D0090435E /* FireJSON+DictionaryLiteralConvertible.swift */; };
		5CC5E2141EA8B01D0090435E /* FireJSON.swift in Sources */ = {isa = PBXBuildFile; fileRef = 5CC5E2021EA8B01D0090435E /* FireJSON.swift */; };
		5CC5E2151EA8B01D0090435E /* FireJSON.swift in Sources */ = {isa = PBXBuildFile; fileRef = 5CC5E2021EA8B01D0090435E /* FireJSON.swift */; };
		5CC5E2161EA8B01D0090435E /* FireJSONModel.swift in Sources */ = {isa = PBXBuildFile; fileRef = 5CC5E2031EA8B01D0090435E /* FireJSONModel.swift */; };
		5CC5E2171EA8B01D0090435E /* FireJSONModel.swift in Sources */ = {isa = PBXBuildFile; fileRef = 5CC5E2031EA8B01D0090435E /* FireJSONModel.swift */; };
		5CC5E2181EA8B01D0090435E /* FireManager.swift in Sources */ = {isa = PBXBuildFile; fileRef = 5CC5E2041EA8B01D0090435E /* FireManager.swift */; };
		5CC5E2191EA8B01D0090435E /* FireManager.swift in Sources */ = {isa = PBXBuildFile; fileRef = 5CC5E2041EA8B01D0090435E /* FireManager.swift */; };
		5CC5E21A1EA8B01D0090435E /* FireValues.swift in Sources */ = {isa = PBXBuildFile; fileRef = 5CC5E2051EA8B01D0090435E /* FireValues.swift */; };
		5CC5E21B1EA8B01D0090435E /* FireValues.swift in Sources */ = {isa = PBXBuildFile; fileRef = 5CC5E2051EA8B01D0090435E /* FireValues.swift */; };
		5CC5E21C1EA8B01D0090435E /* String+Fire.swift in Sources */ = {isa = PBXBuildFile; fileRef = 5CC5E2061EA8B01D0090435E /* String+Fire.swift */; };
		5CC5E21D1EA8B01D0090435E /* String+Fire.swift in Sources */ = {isa = PBXBuildFile; fileRef = 5CC5E2061EA8B01D0090435E /* String+Fire.swift */; };
/* End PBXBuildFile section */

/* Begin PBXContainerItemProxy section */
		5C2D1C9E1EA77F7A0096A4AD /* PBXContainerItemProxy */ = {
			isa = PBXContainerItemProxy;
			containerPortal = 463711FC1B04C2050019E1AB /* Project object */;
			proxyType = 1;
			remoteGlobalIDString = 463712041B04C2050019E1AB;
			remoteInfo = Fire;
		};
/* End PBXContainerItemProxy section */

/* Begin PBXFileReference section */
		463712051B04C2050019E1AB /* Fire.framework */ = {isa = PBXFileReference; explicitFileType = wrapper.framework; includeInIndex = 0; path = Fire.framework; sourceTree = BUILT_PRODUCTS_DIR; };
		5C2D1C551EA777AE0096A4AD /* Info.plist */ = {isa = PBXFileReference; fileEncoding = 4; lastKnownFileType = text.plist.xml; name = Info.plist; path = Fire/Info.plist; sourceTree = SOURCE_ROOT; };
		5C2D1C8B1EA77DF20096A4AD /* Fire.h */ = {isa = PBXFileReference; fileEncoding = 4; lastKnownFileType = sourcecode.c.h; name = Fire.h; path = Fire/Fire.h; sourceTree = SOURCE_ROOT; };
		5C2D1C981EA77F7A0096A4AD /* FireTests.xctest */ = {isa = PBXFileReference; explicitFileType = wrapper.cfbundle; includeInIndex = 0; path = FireTests.xctest; sourceTree = BUILT_PRODUCTS_DIR; };
		5C2D1C9C1EA77F7A0096A4AD /* Info.plist */ = {isa = PBXFileReference; lastKnownFileType = text.plist.xml; path = Info.plist; sourceTree = "<group>"; };
		5C2D1CA41EA77FB90096A4AD /* AddFiles.swift */ = {isa = PBXFileReference; fileEncoding = 4; lastKnownFileType = sourcecode.swift; path = AddFiles.swift; sourceTree = "<group>"; };
		5C2D1CA51EA77FB90096A4AD /* AddHTTPHeader.swift */ = {isa = PBXFileReference; fileEncoding = 4; lastKnownFileType = sourcecode.swift; path = AddHTTPHeader.swift; sourceTree = "<group>"; };
		5C2D1CA61EA77FB90096A4AD /* AddSSLPinning.swift */ = {isa = PBXFileReference; fileEncoding = 4; lastKnownFileType = sourcecode.swift; path = AddSSLPinning.swift; sourceTree = "<group>"; };
		5C2D1CA71EA77FB90096A4AD /* BaseTestCase.swift */ = {isa = PBXFileReference; fileEncoding = 4; lastKnownFileType = sourcecode.swift; path = BaseTestCase.swift; sourceTree = "<group>"; };
		5C2D1CA81EA77FB90096A4AD /* BasicAuth.swift */ = {isa = PBXFileReference; fileEncoding = 4; lastKnownFileType = sourcecode.swift; path = BasicAuth.swift; sourceTree = "<group>"; };
		5C2D1CA91EA77FB90096A4AD /* BasicTests.swift */ = {isa = PBXFileReference; fileEncoding = 4; lastKnownFileType = sourcecode.swift; path = BasicTests.swift; sourceTree = "<group>"; };
		5C2D1CAA1EA77FB90096A4AD /* Control.swift */ = {isa = PBXFileReference; fileEncoding = 4; lastKnownFileType = sourcecode.swift; path = Control.swift; sourceTree = "<group>"; };
		5C2D1CAB1EA77FB90096A4AD /* ResponseJSON.swift */ = {isa = PBXFileReference; fileEncoding = 4; lastKnownFileType = sourcecode.swift; path = ResponseJSON.swift; sourceTree = "<group>"; };
		5C2D1CAC1EA77FB90096A4AD /* SetHTTPBodyRaw.swift */ = {isa = PBXFileReference; fileEncoding = 4; lastKnownFileType = sourcecode.swift; path = SetHTTPBodyRaw.swift; sourceTree = "<group>"; };
		5C2D1CAD1EA77FB90096A4AD /* SetTimeout.swift */ = {isa = PBXFileReference; fileEncoding = 4; lastKnownFileType = sourcecode.swift; path = SetTimeout.swift; sourceTree = "<group>"; };
		5C2D1CAE1EA77FB90096A4AD /* WithOtherTypeParams.swift */ = {isa = PBXFileReference; fileEncoding = 4; lastKnownFileType = sourcecode.swift; path = WithOtherTypeParams.swift; sourceTree = "<group>"; };
		5C2D1CAF1EA77FB90096A4AD /* WithStringParams.swift */ = {isa = PBXFileReference; fileEncoding = 4; lastKnownFileType = sourcecode.swift; path = WithStringParams.swift; sourceTree = "<group>"; };
		5C33F0E31EAB05EB001D903D /* FireWatchOS.framework */ = {isa = PBXFileReference; explicitFileType = wrapper.framework; includeInIndex = 0; path = FireWatchOS.framework; sourceTree = BUILT_PRODUCTS_DIR; };
		5C33F0E61EAB05EB001D903D /* Info.plist */ = {isa = PBXFileReference; lastKnownFileType = text.plist.xml; path = Info.plist; sourceTree = "<group>"; };
		5C378A8A1EAB067F00674D0F /* FireTVOS.framework */ = {isa = PBXFileReference; explicitFileType = wrapper.framework; includeInIndex = 0; path = FireTVOS.framework; sourceTree = BUILT_PRODUCTS_DIR; };
		5C378A8D1EAB067F00674D0F /* Info.plist */ = {isa = PBXFileReference; lastKnownFileType = text.plist.xml; path = Info.plist; sourceTree = "<group>"; };
		5C77E2EE1EA8AB69005668B9 /* FireOSX.framework */ = {isa = PBXFileReference; explicitFileType = wrapper.framework; includeInIndex = 0; path = FireOSX.framework; sourceTree = BUILT_PRODUCTS_DIR; };
		5C77E2F11EA8AB69005668B9 /* Info.plist */ = {isa = PBXFileReference; lastKnownFileType = text.plist.xml; path = Info.plist; sourceTree = "<group>"; };
		5C9D231F1EAAECE9008CA64A /* FileInfo.swift */ = {isa = PBXFileReference; fileEncoding = 4; lastKnownFileType = sourcecode.swift; path = FileInfo.swift; sourceTree = "<group>"; };
		5CC5E1FB1EA8B01D0090435E /* FileManager-SessionDelegate.swift */ = {isa = PBXFileReference; fileEncoding = 4; lastKnownFileType = sourcecode.swift; path = "FileManager-SessionDelegate.swift"; sourceTree = "<group>"; };
		5CC5E1FC1EA8B01D0090435E /* Fire.swift */ = {isa = PBXFileReference; fileEncoding = 4; lastKnownFileType = sourcecode.swift; path = Fire.swift; sourceTree = "<group>"; };
		5CC5E1FD1EA8B01D0090435E /* FireAPI.swift */ = {isa = PBXFileReference; fileEncoding = 4; lastKnownFileType = sourcecode.swift; path = FireAPI.swift; sourceTree = "<group>"; };
		5CC5E1FE1EA8B01D0090435E /* FireHelper.swift */ = {isa = PBXFileReference; fileEncoding = 4; lastKnownFileType = sourcecode.swift; path = FireHelper.swift; sourceTree = "<group>"; };
		5CC5E2001EA8B01D0090435E /* FireJSON+ArrayLiteralConvertible.swift */ = {isa = PBXFileReference; fileEncoding = 4; lastKnownFileType = sourcecode.swift; path = "FireJSON+ArrayLiteralConvertible.swift"; sourceTree = "<group>"; };
		5CC5E2011EA8B01D0090435E /* FireJSON+DictionaryLiteralConvertible.swift */ = {isa = PBXFileReference; fileEncoding = 4; lastKnownFileType = sourcecode.swift; path = "FireJSON+DictionaryLiteralConvertible.swift"; sourceTree = "<group>"; };
		5CC5E2021EA8B01D0090435E /* FireJSON.swift */ = {isa = PBXFileReference; fileEncoding = 4; lastKnownFileType = sourcecode.swift; path = FireJSON.swift; sourceTree = "<group>"; };
		5CC5E2031EA8B01D0090435E /* FireJSONModel.swift */ = {isa = PBXFileReference; fileEncoding = 4; lastKnownFileType = sourcecode.swift; path = FireJSONModel.swift; sourceTree = "<group>"; };
		5CC5E2041EA8B01D0090435E /* FireManager.swift */ = {isa = PBXFileReference; fileEncoding = 4; lastKnownFileType = sourcecode.swift; path = FireManager.swift; sourceTree = "<group>"; };
		5CC5E2051EA8B01D0090435E /* FireValues.swift */ = {isa = PBXFileReference; fileEncoding = 4; lastKnownFileType = sourcecode.swift; path = FireValues.swift; sourceTree = "<group>"; };
		5CC5E2061EA8B01D0090435E /* String+Fire.swift */ = {isa = PBXFileReference; fileEncoding = 4; lastKnownFileType = sourcecode.swift; path = "String+Fire.swift"; sourceTree = "<group>"; };
/* End PBXFileReference section */

/* Begin PBXFrameworksBuildPhase section */
		463712011B04C2050019E1AB /* Frameworks */ = {
			isa = PBXFrameworksBuildPhase;
			buildActionMask = 2147483647;
			files = (
			);
			runOnlyForDeploymentPostprocessing = 0;
		};
		5C2D1C951EA77F7A0096A4AD /* Frameworks */ = {
			isa = PBXFrameworksBuildPhase;
			buildActionMask = 2147483647;
			files = (
				5C2D1C9D1EA77F7A0096A4AD /* Fire.framework in Frameworks */,
			);
			runOnlyForDeploymentPostprocessing = 0;
		};
		5C33F0DF1EAB05EB001D903D /* Frameworks */ = {
			isa = PBXFrameworksBuildPhase;
			buildActionMask = 2147483647;
			files = (
			);
			runOnlyForDeploymentPostprocessing = 0;
		};
		5C378A861EAB067F00674D0F /* Frameworks */ = {
			isa = PBXFrameworksBuildPhase;
			buildActionMask = 2147483647;
			files = (
			);
			runOnlyForDeploymentPostprocessing = 0;
		};
		5C77E2EA1EA8AB69005668B9 /* Frameworks */ = {
			isa = PBXFrameworksBuildPhase;
			buildActionMask = 2147483647;
			files = (
			);
			runOnlyForDeploymentPostprocessing = 0;
		};
/* End PBXFrameworksBuildPhase section */

/* Begin PBXGroup section */
		463711FB1B04C2050019E1AB = {
			isa = PBXGroup;
			children = (
				5C2D1C8B1EA77DF20096A4AD /* Fire.h */,
				5CC5E1FA1EA8B01D0090435E /* Source */,
				5C77E30F1EA8ABA5005668B9 /* FireIOS */,
				5C77E2EF1EA8AB69005668B9 /* FireOSX */,
				5C33F0E41EAB05EB001D903D /* FireWatchOS */,
				5C378A8B1EAB067F00674D0F /* FireTVOS */,
				463712061B04C2050019E1AB /* Products */,
			);
			sourceTree = "<group>";
		};
		463712061B04C2050019E1AB /* Products */ = {
			isa = PBXGroup;
			children = (
				463712051B04C2050019E1AB /* Fire.framework */,
				5C2D1C981EA77F7A0096A4AD /* FireTests.xctest */,
				5C77E2EE1EA8AB69005668B9 /* FireOSX.framework */,
				5C33F0E31EAB05EB001D903D /* FireWatchOS.framework */,
				5C378A8A1EAB067F00674D0F /* FireTVOS.framework */,
			);
			name = Products;
			sourceTree = "<group>";
		};
		463712071B04C2050019E1AB /* Fire */ = {
			isa = PBXGroup;
			children = (
				5C2D1C551EA777AE0096A4AD /* Info.plist */,
			);
			name = Fire;
			path = Pitaya;
			sourceTree = "<group>";
		};
		5C2D1C991EA77F7A0096A4AD /* FireTests */ = {
			isa = PBXGroup;
			children = (
				5C2D1CA41EA77FB90096A4AD /* AddFiles.swift */,
				5C2D1CA51EA77FB90096A4AD /* AddHTTPHeader.swift */,
				5C2D1CA61EA77FB90096A4AD /* AddSSLPinning.swift */,
				5C2D1CA71EA77FB90096A4AD /* BaseTestCase.swift */,
				5C2D1CA81EA77FB90096A4AD /* BasicAuth.swift */,
				5C2D1CA91EA77FB90096A4AD /* BasicTests.swift */,
				5C2D1CAA1EA77FB90096A4AD /* Control.swift */,
				5C2D1CAB1EA77FB90096A4AD /* ResponseJSON.swift */,
				5C2D1CAC1EA77FB90096A4AD /* SetHTTPBodyRaw.swift */,
				5C2D1CAD1EA77FB90096A4AD /* SetTimeout.swift */,
				5C2D1CAE1EA77FB90096A4AD /* WithOtherTypeParams.swift */,
				5C2D1CAF1EA77FB90096A4AD /* WithStringParams.swift */,
				5C2D1C9C1EA77F7A0096A4AD /* Info.plist */,
			);
			path = FireTests;
			sourceTree = "<group>";
		};
		5C33F0E41EAB05EB001D903D /* FireWatchOS */ = {
			isa = PBXGroup;
			children = (
				5C33F0E61EAB05EB001D903D /* Info.plist */,
			);
			path = FireWatchOS;
			sourceTree = "<group>";
		};
		5C378A8B1EAB067F00674D0F /* FireTVOS */ = {
			isa = PBXGroup;
			children = (
				5C378A8D1EAB067F00674D0F /* Info.plist */,
			);
			path = FireTVOS;
			sourceTree = "<group>";
		};
		5C77E2EF1EA8AB69005668B9 /* FireOSX */ = {
			isa = PBXGroup;
			children = (
				5C77E2F11EA8AB69005668B9 /* Info.plist */,
			);
			path = FireOSX;
			sourceTree = "<group>";
		};
		5C77E30F1EA8ABA5005668B9 /* FireIOS */ = {
			isa = PBXGroup;
			children = (
				463712071B04C2050019E1AB /* Fire */,
				5C2D1C991EA77F7A0096A4AD /* FireTests */,
			);
			name = FireIOS;
			sourceTree = "<group>";
		};
		5CC5E1FA1EA8B01D0090435E /* Source */ = {
			isa = PBXGroup;
			children = (
				5CC5E1FB1EA8B01D0090435E /* FileManager-SessionDelegate.swift */,
				5CC5E1FC1EA8B01D0090435E /* Fire.swift */,
				5CC5E1FD1EA8B01D0090435E /* FireAPI.swift */,
				5CC5E1FE1EA8B01D0090435E /* FireHelper.swift */,
				5CC5E1FF1EA8B01D0090435E /* FireJSON */,
				5CC5E2041EA8B01D0090435E /* FireManager.swift */,
				5CC5E2051EA8B01D0090435E /* FireValues.swift */,
				5CC5E2061EA8B01D0090435E /* String+Fire.swift */,
				5C9D231F1EAAECE9008CA64A /* FileInfo.swift */,
			);
			path = Source;
			sourceTree = "<group>";
		};
		5CC5E1FF1EA8B01D0090435E /* FireJSON */ = {
			isa = PBXGroup;
			children = (
				5CC5E2001EA8B01D0090435E /* FireJSON+ArrayLiteralConvertible.swift */,
				5CC5E2011EA8B01D0090435E /* FireJSON+DictionaryLiteralConvertible.swift */,
				5CC5E2021EA8B01D0090435E /* FireJSON.swift */,
				5CC5E2031EA8B01D0090435E /* FireJSONModel.swift */,
			);
			path = FireJSON;
			sourceTree = "<group>";
		};
/* End PBXGroup section */

/* Begin PBXHeadersBuildPhase section */
		463712021B04C2050019E1AB /* Headers */ = {
			isa = PBXHeadersBuildPhase;
			buildActionMask = 2147483647;
			files = (
				5C2D1C931EA77E910096A4AD /* Fire.h in Headers */,
			);
			runOnlyForDeploymentPostprocessing = 0;
		};
		5C33F0E01EAB05EB001D903D /* Headers */ = {
			isa = PBXHeadersBuildPhase;
			buildActionMask = 2147483647;
			files = (
				5C33F0EC1EAB061D001D903D /* Fire.h in Headers */,
			);
			runOnlyForDeploymentPostprocessing = 0;
		};
		5C378A871EAB067F00674D0F /* Headers */ = {
			isa = PBXHeadersBuildPhase;
			buildActionMask = 2147483647;
			files = (
				5C378A921EAB068C00674D0F /* Fire.h in Headers */,
			);
			runOnlyForDeploymentPostprocessing = 0;
		};
		5C77E2EB1EA8AB69005668B9 /* Headers */ = {
			isa = PBXHeadersBuildPhase;
			buildActionMask = 2147483647;
			files = (
				5C33F0EB1EAB0614001D903D /* Fire.h in Headers */,
			);
			runOnlyForDeploymentPostprocessing = 0;
		};
/* End PBXHeadersBuildPhase section */

/* Begin PBXNativeTarget section */
		463712041B04C2050019E1AB /* Fire */ = {
			isa = PBXNativeTarget;
			buildConfigurationList = 4637121B1B04C2050019E1AB /* Build configuration list for PBXNativeTarget "Fire" */;
			buildPhases = (
				463712001B04C2050019E1AB /* Sources */,
				463712011B04C2050019E1AB /* Frameworks */,
				463712021B04C2050019E1AB /* Headers */,
				463712031B04C2050019E1AB /* Resources */,
			);
			buildRules = (
			);
			dependencies = (
			);
			name = Fire;
			productName = Pitaya;
			productReference = 463712051B04C2050019E1AB /* Fire.framework */;
			productType = "com.apple.product-type.framework";
		};
		5C2D1C971EA77F7A0096A4AD /* FireTests */ = {
			isa = PBXNativeTarget;
			buildConfigurationList = 5C2D1CA01EA77F7A0096A4AD /* Build configuration list for PBXNativeTarget "FireTests" */;
			buildPhases = (
				5C2D1C941EA77F7A0096A4AD /* Sources */,
				5C2D1C951EA77F7A0096A4AD /* Frameworks */,
				5C2D1C961EA77F7A0096A4AD /* Resources */,
			);
			buildRules = (
			);
			dependencies = (
				5C2D1C9F1EA77F7A0096A4AD /* PBXTargetDependency */,
			);
			name = FireTests;
			productName = FireTests;
			productReference = 5C2D1C981EA77F7A0096A4AD /* FireTests.xctest */;
			productType = "com.apple.product-type.bundle.unit-test";
		};
		5C33F0E21EAB05EB001D903D /* FireWatchOS */ = {
			isa = PBXNativeTarget;
			buildConfigurationList = 5C33F0EA1EAB05EB001D903D /* Build configuration list for PBXNativeTarget "FireWatchOS" */;
			buildPhases = (
				5C33F0DE1EAB05EB001D903D /* Sources */,
				5C33F0DF1EAB05EB001D903D /* Frameworks */,
				5C33F0E01EAB05EB001D903D /* Headers */,
				5C33F0E11EAB05EB001D903D /* Resources */,
			);
			buildRules = (
			);
			dependencies = (
			);
			name = FireWatchOS;
			productName = FireWatchOS;
			productReference = 5C33F0E31EAB05EB001D903D /* FireWatchOS.framework */;
			productType = "com.apple.product-type.framework";
		};
		5C378A891EAB067F00674D0F /* FireTVOS */ = {
			isa = PBXNativeTarget;
			buildConfigurationList = 5C378A911EAB067F00674D0F /* Build configuration list for PBXNativeTarget "FireTVOS" */;
			buildPhases = (
				5C378A851EAB067F00674D0F /* Sources */,
				5C378A861EAB067F00674D0F /* Frameworks */,
				5C378A871EAB067F00674D0F /* Headers */,
				5C378A881EAB067F00674D0F /* Resources */,
			);
			buildRules = (
			);
			dependencies = (
			);
			name = FireTVOS;
			productName = FireTVOS;
			productReference = 5C378A8A1EAB067F00674D0F /* FireTVOS.framework */;
			productType = "com.apple.product-type.framework";
		};
		5C77E2ED1EA8AB69005668B9 /* FireOSX */ = {
			isa = PBXNativeTarget;
			buildConfigurationList = 5C77E2F51EA8AB69005668B9 /* Build configuration list for PBXNativeTarget "FireOSX" */;
			buildPhases = (
				5C77E2E91EA8AB69005668B9 /* Sources */,
				5C77E2EA1EA8AB69005668B9 /* Frameworks */,
				5C77E2EB1EA8AB69005668B9 /* Headers */,
				5C77E2EC1EA8AB69005668B9 /* Resources */,
			);
			buildRules = (
			);
			dependencies = (
			);
			name = FireOSX;
			productName = FireOSX;
			productReference = 5C77E2EE1EA8AB69005668B9 /* FireOSX.framework */;
			productType = "com.apple.product-type.framework";
		};
/* End PBXNativeTarget section */

/* Begin PBXProject section */
		463711FC1B04C2050019E1AB /* Project object */ = {
			isa = PBXProject;
			attributes = {
				CLASSPREFIX = "";
				LastSwiftMigration = 0700;
				LastSwiftUpdateCheck = 0830;
				LastUpgradeCheck = 0830;
				ORGANIZATIONNAME = Meniny;
				TargetAttributes = {
					463712041B04C2050019E1AB = {
						CreatedOnToolsVersion = 6.3.1;
						LastSwiftMigration = 0830;
					};
					5C2D1C971EA77F7A0096A4AD = {
						CreatedOnToolsVersion = 8.3;
						DevelopmentTeam = 63YL5QDMNS;
						LastSwiftMigration = 0830;
						ProvisioningStyle = Automatic;
					};
					5C33F0E21EAB05EB001D903D = {
						CreatedOnToolsVersion = 8.3;
						DevelopmentTeam = 63YL5QDMNS;
						ProvisioningStyle = Automatic;
					};
					5C378A891EAB067F00674D0F = {
						CreatedOnToolsVersion = 8.3;
						DevelopmentTeam = 63YL5QDMNS;
						ProvisioningStyle = Automatic;
					};
					5C77E2ED1EA8AB69005668B9 = {
						CreatedOnToolsVersion = 8.3;
						DevelopmentTeam = 63YL5QDMNS;
						LastSwiftMigration = 0830;
						ProvisioningStyle = Automatic;
					};
				};
			};
			buildConfigurationList = 463711FF1B04C2050019E1AB /* Build configuration list for PBXProject "Fire" */;
			compatibilityVersion = "Xcode 3.2";
			developmentRegion = English;
			hasScannedForEncodings = 0;
			knownRegions = (
				en,
			);
			mainGroup = 463711FB1B04C2050019E1AB;
			productRefGroup = 463712061B04C2050019E1AB /* Products */;
			projectDirPath = "";
			projectRoot = "";
			targets = (
				463712041B04C2050019E1AB /* Fire */,
				5C2D1C971EA77F7A0096A4AD /* FireTests */,
				5C77E2ED1EA8AB69005668B9 /* FireOSX */,
				5C33F0E21EAB05EB001D903D /* FireWatchOS */,
				5C378A891EAB067F00674D0F /* FireTVOS */,
			);
		};
/* End PBXProject section */

/* Begin PBXResourcesBuildPhase section */
		463712031B04C2050019E1AB /* Resources */ = {
			isa = PBXResourcesBuildPhase;
			buildActionMask = 2147483647;
			files = (
			);
			runOnlyForDeploymentPostprocessing = 0;
		};
		5C2D1C961EA77F7A0096A4AD /* Resources */ = {
			isa = PBXResourcesBuildPhase;
			buildActionMask = 2147483647;
			files = (
			);
			runOnlyForDeploymentPostprocessing = 0;
		};
		5C33F0E11EAB05EB001D903D /* Resources */ = {
			isa = PBXResourcesBuildPhase;
			buildActionMask = 2147483647;
			files = (
			);
			runOnlyForDeploymentPostprocessing = 0;
		};
		5C378A881EAB067F00674D0F /* Resources */ = {
			isa = PBXResourcesBuildPhase;
			buildActionMask = 2147483647;
			files = (
			);
			runOnlyForDeploymentPostprocessing = 0;
		};
		5C77E2EC1EA8AB69005668B9 /* Resources */ = {
			isa = PBXResourcesBuildPhase;
			buildActionMask = 2147483647;
			files = (
			);
			runOnlyForDeploymentPostprocessing = 0;
		};
/* End PBXResourcesBuildPhase section */

/* Begin PBXSourcesBuildPhase section */
		463712001B04C2050019E1AB /* Sources */ = {
			isa = PBXSourcesBuildPhase;
			buildActionMask = 2147483647;
			files = (
				5CC5E20C1EA8B01D0090435E /* FireAPI.swift in Sources */,
				5CC5E2141EA8B01D0090435E /* FireJSON.swift in Sources */,
				5CC5E2121EA8B01D0090435E /* FireJSON+DictionaryLiteralConvertible.swift in Sources */,
				5CC5E2181EA8B01D0090435E /* FireManager.swift in Sources */,
				5CC5E2101EA8B01D0090435E /* FireJSON+ArrayLiteralConvertible.swift in Sources */,
				5CC5E21C1EA8B01D0090435E /* String+Fire.swift in Sources */,
				5CC5E20E1EA8B01D0090435E /* FireHelper.swift in Sources */,
				5CC5E2081EA8B01D0090435E /* FileManager-SessionDelegate.swift in Sources */,
				5CC5E20A1EA8B01D0090435E /* Fire.swift in Sources */,
				5C9D23201EAAECE9008CA64A /* FileInfo.swift in Sources */,
				5CC5E2161EA8B01D0090435E /* FireJSONModel.swift in Sources */,
				5CC5E21A1EA8B01D0090435E /* FireValues.swift in Sources */,
			);
			runOnlyForDeploymentPostprocessing = 0;
		};
		5C2D1C941EA77F7A0096A4AD /* Sources */ = {
			isa = PBXSourcesBuildPhase;
			buildActionMask = 2147483647;
			files = (
				5C2D1CBA1EA77FB90096A4AD /* WithOtherTypeParams.swift in Sources */,
				5C2D1CB41EA77FB90096A4AD /* BasicAuth.swift in Sources */,
				5C2D1CB31EA77FB90096A4AD /* BaseTestCase.swift in Sources */,
				5C2D1CB91EA77FB90096A4AD /* SetTimeout.swift in Sources */,
				5C2D1CB61EA77FB90096A4AD /* Control.swift in Sources */,
				5C2D1CB51EA77FB90096A4AD /* BasicTests.swift in Sources */,
				5C2D1CB11EA77FB90096A4AD /* AddHTTPHeader.swift in Sources */,
				5C2D1CB81EA77FB90096A4AD /* SetHTTPBodyRaw.swift in Sources */,
				5C2D1CBB1EA77FB90096A4AD /* WithStringParams.swift in Sources */,
				5C2D1CB01EA77FB90096A4AD /* AddFiles.swift in Sources */,
				5C2D1CB71EA77FB90096A4AD /* ResponseJSON.swift in Sources */,
				5C2D1CB21EA77FB90096A4AD /* AddSSLPinning.swift in Sources */,
			);
			runOnlyForDeploymentPostprocessing = 0;
		};
		5C33F0DE1EAB05EB001D903D /* Sources */ = {
			isa = PBXSourcesBuildPhase;
			buildActionMask = 2147483647;
			files = (
				5C33F0ED1EAB0630001D903D /* FileManager-SessionDelegate.swift in Sources */,
				5C33F0EE1EAB0630001D903D /* Fire.swift in Sources */,
				5C33F0EF1EAB0630001D903D /* FireAPI.swift in Sources */,
				5C33F0F01EAB0630001D903D /* FireHelper.swift in Sources */,
				5C33F0F11EAB0630001D903D /* FireJSON+ArrayLiteralConvertible.swift in Sources */,
				5C33F0F21EAB0630001D903D /* FireJSON+DictionaryLiteralConvertible.swift in Sources */,
				5C33F0F31EAB0630001D903D /* FireJSON.swift in Sources */,
				5C33F0F41EAB0630001D903D /* FireJSONModel.swift in Sources */,
				5C33F0F51EAB0630001D903D /* FireManager.swift in Sources */,
				5C33F0F61EAB0630001D903D /* FireValues.swift in Sources */,
				5C33F0F71EAB0630001D903D /* String+Fire.swift in Sources */,
				5C33F0F81EAB0630001D903D /* FileInfo.swift in Sources */,
			);
			runOnlyForDeploymentPostprocessing = 0;
		};
		5C378A851EAB067F00674D0F /* Sources */ = {
			isa = PBXSourcesBuildPhase;
			buildActionMask = 2147483647;
			files = (
				5C378A931EAB069500674D0F /* FileManager-SessionDelegate.swift in Sources */,
				5C378A941EAB069500674D0F /* Fire.swift in Sources */,
				5C378A951EAB069500674D0F /* FireAPI.swift in Sources */,
				5C378A961EAB069500674D0F /* FireHelper.swift in Sources */,
				5C378A971EAB069500674D0F /* FireJSON+ArrayLiteralConvertible.swift in Sources */,
				5C378A981EAB069500674D0F /* FireJSON+DictionaryLiteralConvertible.swift in Sources */,
				5C378A991EAB069500674D0F /* FireJSON.swift in Sources */,
				5C378A9A1EAB069500674D0F /* FireJSONModel.swift in Sources */,
				5C378A9B1EAB069500674D0F /* FireManager.swift in Sources */,
				5C378A9C1EAB069500674D0F /* FireValues.swift in Sources */,
				5C378A9D1EAB069500674D0F /* String+Fire.swift in Sources */,
				5C378A9E1EAB069500674D0F /* FileInfo.swift in Sources */,
			);
			runOnlyForDeploymentPostprocessing = 0;
		};
		5C77E2E91EA8AB69005668B9 /* Sources */ = {
			isa = PBXSourcesBuildPhase;
			buildActionMask = 2147483647;
			files = (
				5C9D23211EAAEE28008CA64A /* FileInfo.swift in Sources */,
				5CC5E20D1EA8B01D0090435E /* FireAPI.swift in Sources */,
				5CC5E2151EA8B01D0090435E /* FireJSON.swift in Sources */,
				5CC5E2131EA8B01D0090435E /* FireJSON+DictionaryLiteralConvertible.swift in Sources */,
				5CC5E2191EA8B01D0090435E /* FireManager.swift in Sources */,
				5CC5E2111EA8B01D0090435E /* FireJSON+ArrayLiteralConvertible.swift in Sources */,
				5CC5E21D1EA8B01D0090435E /* String+Fire.swift in Sources */,
				5CC5E20F1EA8B01D0090435E /* FireHelper.swift in Sources */,
				5CC5E2091EA8B01D0090435E /* FileManager-SessionDelegate.swift in Sources */,
				5CC5E20B1EA8B01D0090435E /* Fire.swift in Sources */,
				5CC5E2171EA8B01D0090435E /* FireJSONModel.swift in Sources */,
				5CC5E21B1EA8B01D0090435E /* FireValues.swift in Sources */,
			);
			runOnlyForDeploymentPostprocessing = 0;
		};
/* End PBXSourcesBuildPhase section */

/* Begin PBXTargetDependency section */
		5C2D1C9F1EA77F7A0096A4AD /* PBXTargetDependency */ = {
			isa = PBXTargetDependency;
			target = 463712041B04C2050019E1AB /* Fire */;
			targetProxy = 5C2D1C9E1EA77F7A0096A4AD /* PBXContainerItemProxy */;
		};
/* End PBXTargetDependency section */

/* Begin XCBuildConfiguration section */
		463712191B04C2050019E1AB /* Debug */ = {
			isa = XCBuildConfiguration;
			buildSettings = {
				ALWAYS_SEARCH_USER_PATHS = NO;
				CLANG_CXX_LANGUAGE_STANDARD = "gnu++0x";
				CLANG_CXX_LIBRARY = "libc++";
				CLANG_ENABLE_MODULES = YES;
				CLANG_ENABLE_OBJC_ARC = YES;
				CLANG_WARN_BOOL_CONVERSION = YES;
				CLANG_WARN_CONSTANT_CONVERSION = YES;
				CLANG_WARN_DIRECT_OBJC_ISA_USAGE = YES_ERROR;
				CLANG_WARN_EMPTY_BODY = YES;
				CLANG_WARN_ENUM_CONVERSION = YES;
				CLANG_WARN_INFINITE_RECURSION = YES;
				CLANG_WARN_INT_CONVERSION = YES;
				CLANG_WARN_OBJC_ROOT_CLASS = YES_ERROR;
				CLANG_WARN_SUSPICIOUS_MOVE = YES;
				CLANG_WARN_UNREACHABLE_CODE = YES;
				CLANG_WARN__DUPLICATE_METHOD_MATCH = YES;
				"CODE_SIGN_IDENTITY[sdk=iphoneos*]" = "iPhone Developer";
				COPY_PHASE_STRIP = NO;
				CURRENT_PROJECT_VERSION = 1;
				DEBUG_INFORMATION_FORMAT = "dwarf-with-dsym";
				ENABLE_STRICT_OBJC_MSGSEND = YES;
				ENABLE_TESTABILITY = YES;
				GCC_C_LANGUAGE_STANDARD = gnu99;
				GCC_DYNAMIC_NO_PIC = NO;
				GCC_NO_COMMON_BLOCKS = YES;
				GCC_OPTIMIZATION_LEVEL = 0;
				GCC_PREPROCESSOR_DEFINITIONS = (
					"DEBUG=1",
					"$(inherited)",
				);
				GCC_SYMBOLS_PRIVATE_EXTERN = NO;
				GCC_WARN_64_TO_32_BIT_CONVERSION = YES;
				GCC_WARN_ABOUT_RETURN_TYPE = YES_ERROR;
				GCC_WARN_UNDECLARED_SELECTOR = YES;
				GCC_WARN_UNINITIALIZED_AUTOS = YES_AGGRESSIVE;
				GCC_WARN_UNUSED_FUNCTION = YES;
				GCC_WARN_UNUSED_VARIABLE = YES;
				MTL_ENABLE_DEBUG_INFO = YES;
				SDKROOT = iphoneos;
				SWIFT_OPTIMIZATION_LEVEL = "-Onone";
				TARGETED_DEVICE_FAMILY = "1,2";
				VERSIONING_SYSTEM = "apple-generic";
				VERSION_INFO_PREFIX = "";
			};
			name = Debug;
		};
		4637121A1B04C2050019E1AB /* Release */ = {
			isa = XCBuildConfiguration;
			buildSettings = {
				ALWAYS_SEARCH_USER_PATHS = NO;
				CLANG_CXX_LANGUAGE_STANDARD = "gnu++0x";
				CLANG_CXX_LIBRARY = "libc++";
				CLANG_ENABLE_MODULES = YES;
				CLANG_ENABLE_OBJC_ARC = YES;
				CLANG_WARN_BOOL_CONVERSION = YES;
				CLANG_WARN_CONSTANT_CONVERSION = YES;
				CLANG_WARN_DIRECT_OBJC_ISA_USAGE = YES_ERROR;
				CLANG_WARN_EMPTY_BODY = YES;
				CLANG_WARN_ENUM_CONVERSION = YES;
				CLANG_WARN_INFINITE_RECURSION = YES;
				CLANG_WARN_INT_CONVERSION = YES;
				CLANG_WARN_OBJC_ROOT_CLASS = YES_ERROR;
				CLANG_WARN_SUSPICIOUS_MOVE = YES;
				CLANG_WARN_UNREACHABLE_CODE = YES;
				CLANG_WARN__DUPLICATE_METHOD_MATCH = YES;
				"CODE_SIGN_IDENTITY[sdk=iphoneos*]" = "iPhone Developer";
				COPY_PHASE_STRIP = NO;
				CURRENT_PROJECT_VERSION = 1;
				DEBUG_INFORMATION_FORMAT = "dwarf-with-dsym";
				ENABLE_NS_ASSERTIONS = NO;
				ENABLE_STRICT_OBJC_MSGSEND = YES;
				GCC_C_LANGUAGE_STANDARD = gnu99;
				GCC_NO_COMMON_BLOCKS = YES;
				GCC_WARN_64_TO_32_BIT_CONVERSION = YES;
				GCC_WARN_ABOUT_RETURN_TYPE = YES_ERROR;
				GCC_WARN_UNDECLARED_SELECTOR = YES;
				GCC_WARN_UNINITIALIZED_AUTOS = YES_AGGRESSIVE;
				GCC_WARN_UNUSED_FUNCTION = YES;
				GCC_WARN_UNUSED_VARIABLE = YES;
				MTL_ENABLE_DEBUG_INFO = NO;
				SDKROOT = iphoneos;
				SWIFT_OPTIMIZATION_LEVEL = "-Owholemodule";
				TARGETED_DEVICE_FAMILY = "1,2";
				VALIDATE_PRODUCT = YES;
				VERSIONING_SYSTEM = "apple-generic";
				VERSION_INFO_PREFIX = "";
			};
			name = Release;
		};
		4637121C1B04C2050019E1AB /* Debug */ = {
			isa = XCBuildConfiguration;
			buildSettings = {
				CLANG_ENABLE_MODULES = YES;
				"CODE_SIGN_IDENTITY[sdk=iphoneos*]" = "";
				DEFINES_MODULE = YES;
				DEVELOPMENT_TEAM = "";
				DYLIB_COMPATIBILITY_VERSION = 1;
				DYLIB_CURRENT_VERSION = 1;
				DYLIB_INSTALL_NAME_BASE = "@rpath";
				INFOPLIST_FILE = "$(SRCROOT)/Fire/Info.plist";
				INSTALL_PATH = "$(LOCAL_LIBRARY_DIR)/Frameworks";
				LD_RUNPATH_SEARCH_PATHS = "$(inherited) @executable_path/Frameworks @loader_path/Frameworks";
				MACH_O_TYPE = mh_dylib;
				PRODUCT_BUNDLE_IDENTIFIER = "cn-meniny.Fire";
				PRODUCT_NAME = "$(TARGET_NAME)";
				SKIP_INSTALL = YES;
				SWIFT_OPTIMIZATION_LEVEL = "-Onone";
				SWIFT_VERSION = 3.0;
			};
			name = Debug;
		};
		4637121D1B04C2050019E1AB /* Release */ = {
			isa = XCBuildConfiguration;
			buildSettings = {
				CLANG_ENABLE_MODULES = YES;
				"CODE_SIGN_IDENTITY[sdk=iphoneos*]" = "";
				DEFINES_MODULE = YES;
				DEVELOPMENT_TEAM = "";
				DYLIB_COMPATIBILITY_VERSION = 1;
				DYLIB_CURRENT_VERSION = 1;
				DYLIB_INSTALL_NAME_BASE = "@rpath";
				INFOPLIST_FILE = "$(SRCROOT)/Fire/Info.plist";
				INSTALL_PATH = "$(LOCAL_LIBRARY_DIR)/Frameworks";
				LD_RUNPATH_SEARCH_PATHS = "$(inherited) @executable_path/Frameworks @loader_path/Frameworks";
				MACH_O_TYPE = mh_dylib;
				PRODUCT_BUNDLE_IDENTIFIER = "cn-meniny.Fire";
				PRODUCT_NAME = "$(TARGET_NAME)";
				SKIP_INSTALL = YES;
				SWIFT_VERSION = 3.0;
			};
			name = Release;
		};
		5C2D1CA11EA77F7A0096A4AD /* Debug */ = {
			isa = XCBuildConfiguration;
			buildSettings = {
				ALWAYS_EMBED_SWIFT_STANDARD_LIBRARIES = YES;
				CLANG_ANALYZER_NONNULL = YES;
				CLANG_ANALYZER_NUMBER_OBJECT_CONVERSION = YES_AGGRESSIVE;
				CLANG_ENABLE_MODULES = YES;
				CLANG_WARN_DOCUMENTATION_COMMENTS = YES;
				DEBUG_INFORMATION_FORMAT = dwarf;
				DEVELOPMENT_TEAM = 63YL5QDMNS;
				INFOPLIST_FILE = FireTests/Info.plist;
				IPHONEOS_DEPLOYMENT_TARGET = 10.3;
				LD_RUNPATH_SEARCH_PATHS = "$(inherited) @executable_path/Frameworks @loader_path/Frameworks";
				ONLY_ACTIVE_ARCH = YES;
				PRODUCT_BUNDLE_IDENTIFIER = cn.meniny.FireTests;
				PRODUCT_NAME = "$(TARGET_NAME)";
				SWIFT_ACTIVE_COMPILATION_CONDITIONS = DEBUG;
				SWIFT_OPTIMIZATION_LEVEL = "-Onone";
				SWIFT_VERSION = 3.0;
			};
			name = Debug;
		};
		5C2D1CA21EA77F7A0096A4AD /* Release */ = {
			isa = XCBuildConfiguration;
			buildSettings = {
				ALWAYS_EMBED_SWIFT_STANDARD_LIBRARIES = YES;
				CLANG_ANALYZER_NONNULL = YES;
				CLANG_ANALYZER_NUMBER_OBJECT_CONVERSION = YES_AGGRESSIVE;
				CLANG_ENABLE_MODULES = YES;
				CLANG_WARN_DOCUMENTATION_COMMENTS = YES;
				DEVELOPMENT_TEAM = 63YL5QDMNS;
				INFOPLIST_FILE = FireTests/Info.plist;
				IPHONEOS_DEPLOYMENT_TARGET = 10.3;
				LD_RUNPATH_SEARCH_PATHS = "$(inherited) @executable_path/Frameworks @loader_path/Frameworks";
				PRODUCT_BUNDLE_IDENTIFIER = cn.meniny.FireTests;
				PRODUCT_NAME = "$(TARGET_NAME)";
				SWIFT_VERSION = 3.0;
			};
			name = Release;
		};
		5C33F0E81EAB05EB001D903D /* Debug */ = {
			isa = XCBuildConfiguration;
			buildSettings = {
				APPLICATION_EXTENSION_API_ONLY = YES;
				CLANG_ANALYZER_NONNULL = YES;
				CLANG_ANALYZER_NUMBER_OBJECT_CONVERSION = YES_AGGRESSIVE;
				CLANG_WARN_DOCUMENTATION_COMMENTS = YES;
				CODE_SIGN_IDENTITY = "";
				DEBUG_INFORMATION_FORMAT = dwarf;
				DEFINES_MODULE = YES;
				DEVELOPMENT_TEAM = 63YL5QDMNS;
				DYLIB_COMPATIBILITY_VERSION = 1;
				DYLIB_CURRENT_VERSION = 1;
				DYLIB_INSTALL_NAME_BASE = "@rpath";
				INFOPLIST_FILE = FireWatchOS/Info.plist;
				INSTALL_PATH = "$(LOCAL_LIBRARY_DIR)/Frameworks";
				LD_RUNPATH_SEARCH_PATHS = "$(inherited) @executable_path/Frameworks @loader_path/Frameworks";
				ONLY_ACTIVE_ARCH = YES;
				PRODUCT_BUNDLE_IDENTIFIER = cn.meniny.FireWatchOS;
				PRODUCT_NAME = "$(TARGET_NAME)";
				SDKROOT = watchos;
				SKIP_INSTALL = YES;
				SWIFT_ACTIVE_COMPILATION_CONDITIONS = DEBUG;
				SWIFT_VERSION = 3.0;
				TARGETED_DEVICE_FAMILY = 4;
				WATCHOS_DEPLOYMENT_TARGET = 3.2;
			};
			name = Debug;
		};
		5C33F0E91EAB05EB001D903D /* Release */ = {
			isa = XCBuildConfiguration;
			buildSettings = {
				APPLICATION_EXTENSION_API_ONLY = YES;
				CLANG_ANALYZER_NONNULL = YES;
				CLANG_ANALYZER_NUMBER_OBJECT_CONVERSION = YES_AGGRESSIVE;
				CLANG_WARN_DOCUMENTATION_COMMENTS = YES;
				CODE_SIGN_IDENTITY = "";
				DEFINES_MODULE = YES;
				DEVELOPMENT_TEAM = 63YL5QDMNS;
				DYLIB_COMPATIBILITY_VERSION = 1;
				DYLIB_CURRENT_VERSION = 1;
				DYLIB_INSTALL_NAME_BASE = "@rpath";
				INFOPLIST_FILE = FireWatchOS/Info.plist;
				INSTALL_PATH = "$(LOCAL_LIBRARY_DIR)/Frameworks";
				LD_RUNPATH_SEARCH_PATHS = "$(inherited) @executable_path/Frameworks @loader_path/Frameworks";
				PRODUCT_BUNDLE_IDENTIFIER = cn.meniny.FireWatchOS;
				PRODUCT_NAME = "$(TARGET_NAME)";
				SDKROOT = watchos;
				SKIP_INSTALL = YES;
				SWIFT_VERSION = 3.0;
				TARGETED_DEVICE_FAMILY = 4;
				WATCHOS_DEPLOYMENT_TARGET = 3.2;
			};
			name = Release;
		};
		5C378A8F1EAB067F00674D0F /* Debug */ = {
			isa = XCBuildConfiguration;
			buildSettings = {
				CLANG_ANALYZER_NONNULL = YES;
				CLANG_ANALYZER_NUMBER_OBJECT_CONVERSION = YES_AGGRESSIVE;
				CLANG_WARN_DOCUMENTATION_COMMENTS = YES;
				CODE_SIGN_IDENTITY = "";
				DEBUG_INFORMATION_FORMAT = dwarf;
				DEFINES_MODULE = YES;
				DEVELOPMENT_TEAM = 63YL5QDMNS;
				DYLIB_COMPATIBILITY_VERSION = 1;
				DYLIB_CURRENT_VERSION = 1;
				DYLIB_INSTALL_NAME_BASE = "@rpath";
				INFOPLIST_FILE = FireTVOS/Info.plist;
				INSTALL_PATH = "$(LOCAL_LIBRARY_DIR)/Frameworks";
				LD_RUNPATH_SEARCH_PATHS = "$(inherited) @executable_path/Frameworks @loader_path/Frameworks";
				ONLY_ACTIVE_ARCH = YES;
				PRODUCT_BUNDLE_IDENTIFIER = cn.meniny.FireTVOS;
				PRODUCT_NAME = "$(TARGET_NAME)";
				SDKROOT = appletvos;
				SKIP_INSTALL = YES;
				SWIFT_ACTIVE_COMPILATION_CONDITIONS = DEBUG;
				SWIFT_VERSION = 3.0;
				TARGETED_DEVICE_FAMILY = 3;
				TVOS_DEPLOYMENT_TARGET = 10.2;
			};
			name = Debug;
		};
		5C378A901EAB067F00674D0F /* Release */ = {
			isa = XCBuildConfiguration;
			buildSettings = {
				CLANG_ANALYZER_NONNULL = YES;
				CLANG_ANALYZER_NUMBER_OBJECT_CONVERSION = YES_AGGRESSIVE;
				CLANG_WARN_DOCUMENTATION_COMMENTS = YES;
				CODE_SIGN_IDENTITY = "";
				DEFINES_MODULE = YES;
				DEVELOPMENT_TEAM = 63YL5QDMNS;
				DYLIB_COMPATIBILITY_VERSION = 1;
				DYLIB_CURRENT_VERSION = 1;
				DYLIB_INSTALL_NAME_BASE = "@rpath";
				INFOPLIST_FILE = FireTVOS/Info.plist;
				INSTALL_PATH = "$(LOCAL_LIBRARY_DIR)/Frameworks";
				LD_RUNPATH_SEARCH_PATHS = "$(inherited) @executable_path/Frameworks @loader_path/Frameworks";
				PRODUCT_BUNDLE_IDENTIFIER = cn.meniny.FireTVOS;
				PRODUCT_NAME = "$(TARGET_NAME)";
				SDKROOT = appletvos;
				SKIP_INSTALL = YES;
				SWIFT_VERSION = 3.0;
				TARGETED_DEVICE_FAMILY = 3;
				TVOS_DEPLOYMENT_TARGET = 10.2;
			};
			name = Release;
		};
		5C77E2F31EA8AB69005668B9 /* Debug */ = {
			isa = XCBuildConfiguration;
			buildSettings = {
				CLANG_ANALYZER_NONNULL = YES;
				CLANG_ANALYZER_NUMBER_OBJECT_CONVERSION = YES_AGGRESSIVE;
				CLANG_ENABLE_MODULES = YES;
				CLANG_WARN_DOCUMENTATION_COMMENTS = YES;
				CODE_SIGN_IDENTITY = "-";
				COMBINE_HIDPI_IMAGES = YES;
				DEBUG_INFORMATION_FORMAT = dwarf;
				DEFINES_MODULE = YES;
				DEVELOPMENT_TEAM = 63YL5QDMNS;
				DYLIB_COMPATIBILITY_VERSION = 1;
				DYLIB_CURRENT_VERSION = 1;
				DYLIB_INSTALL_NAME_BASE = "@rpath";
				FRAMEWORK_VERSION = A;
				INFOPLIST_FILE = FireOSX/Info.plist;
				INSTALL_PATH = "$(LOCAL_LIBRARY_DIR)/Frameworks";
				LD_RUNPATH_SEARCH_PATHS = "$(inherited) @executable_path/../Frameworks @loader_path/Frameworks";
				MACOSX_DEPLOYMENT_TARGET = 10.12;
				ONLY_ACTIVE_ARCH = YES;
				PRODUCT_BUNDLE_IDENTIFIER = cn.meniny.FireOSX;
				PRODUCT_NAME = "$(TARGET_NAME)";
				SDKROOT = macosx;
				SKIP_INSTALL = YES;
				SWIFT_ACTIVE_COMPILATION_CONDITIONS = DEBUG;
				SWIFT_OPTIMIZATION_LEVEL = "-Onone";
				SWIFT_VERSION = 3.0;
			};
			name = Debug;
		};
		5C77E2F41EA8AB69005668B9 /* Release */ = {
			isa = XCBuildConfiguration;
			buildSettings = {
				CLANG_ANALYZER_NONNULL = YES;
				CLANG_ANALYZER_NUMBER_OBJECT_CONVERSION = YES_AGGRESSIVE;
				CLANG_ENABLE_MODULES = YES;
				CLANG_WARN_DOCUMENTATION_COMMENTS = YES;
				CODE_SIGN_IDENTITY = "-";
				COMBINE_HIDPI_IMAGES = YES;
				DEFINES_MODULE = YES;
				DEVELOPMENT_TEAM = 63YL5QDMNS;
				DYLIB_COMPATIBILITY_VERSION = 1;
				DYLIB_CURRENT_VERSION = 1;
				DYLIB_INSTALL_NAME_BASE = "@rpath";
				FRAMEWORK_VERSION = A;
				INFOPLIST_FILE = FireOSX/Info.plist;
				INSTALL_PATH = "$(LOCAL_LIBRARY_DIR)/Frameworks";
				LD_RUNPATH_SEARCH_PATHS = "$(inherited) @executable_path/../Frameworks @loader_path/Frameworks";
				MACOSX_DEPLOYMENT_TARGET = 10.12;
				PRODUCT_BUNDLE_IDENTIFIER = cn.meniny.FireOSX;
				PRODUCT_NAME = "$(TARGET_NAME)";
				SDKROOT = macosx;
				SKIP_INSTALL = YES;
				SWIFT_VERSION = 3.0;
			};
			name = Release;
		};
/* End XCBuildConfiguration section */

/* Begin XCConfigurationList section */
		463711FF1B04C2050019E1AB /* Build configuration list for PBXProject "Fire" */ = {
			isa = XCConfigurationList;
			buildConfigurations = (
				463712191B04C2050019E1AB /* Debug */,
				4637121A1B04C2050019E1AB /* Release */,
			);
			defaultConfigurationIsVisible = 0;
			defaultConfigurationName = Release;
		};
		4637121B1B04C2050019E1AB /* Build configuration list for PBXNativeTarget "Fire" */ = {
			isa = XCConfigurationList;
			buildConfigurations = (
				4637121C1B04C2050019E1AB /* Debug */,
				4637121D1B04C2050019E1AB /* Release */,
			);
			defaultConfigurationIsVisible = 0;
			defaultConfigurationName = Release;
		};
		5C2D1CA01EA77F7A0096A4AD /* Build configuration list for PBXNativeTarget "FireTests" */ = {
			isa = XCConfigurationList;
			buildConfigurations = (
				5C2D1CA11EA77F7A0096A4AD /* Debug */,
				5C2D1CA21EA77F7A0096A4AD /* Release */,
			);
			defaultConfigurationIsVisible = 0;
			defaultConfigurationName = Release;
		};
		5C33F0EA1EAB05EB001D903D /* Build configuration list for PBXNativeTarget "FireWatchOS" */ = {
			isa = XCConfigurationList;
			buildConfigurations = (
				5C33F0E81EAB05EB001D903D /* Debug */,
				5C33F0E91EAB05EB001D903D /* Release */,
			);
			defaultConfigurationIsVisible = 0;
			defaultConfigurationName = Release;
		};
		5C378A911EAB067F00674D0F /* Build configuration list for PBXNativeTarget "FireTVOS" */ = {
			isa = XCConfigurationList;
			buildConfigurations = (
				5C378A8F1EAB067F00674D0F /* Debug */,
				5C378A901EAB067F00674D0F /* Release */,
			);
			defaultConfigurationIsVisible = 0;
		};
		5C77E2F51EA8AB69005668B9 /* Build configuration list for PBXNativeTarget "FireOSX" */ = {
			isa = XCConfigurationList;
			buildConfigurations = (
				5C77E2F31EA8AB69005668B9 /* Debug */,
				5C77E2F41EA8AB69005668B9 /* Release */,
			);
			defaultConfigurationIsVisible = 0;
			defaultConfigurationName = Release;
		};
/* End XCConfigurationList section */
	};
	rootObject = 463711FC1B04C2050019E1AB /* Project object */;
}
